schema: '2.0'
stages:
  training:
    cmd: python src/pipeline/training_pipeline.py
    deps:
    - path: src/components/data_ingestion.py
      hash: md5
      md5: 7d2db79d862adc637c1b9a540f8a3961
      size: 1969
    - path: src/components/data_transformation.py
      hash: md5
      md5: 56c51519ea86b2ddb83517acd51d860a
      size: 3907
    - path: src/components/model_evaluation.py
      hash: md5
      md5: aae06be6c79b7ab2c291279f25016c26
      size: 2223
    - path: src/components/model_trainer.py
      hash: md5
      md5: f1b370febc84694da7f630b299b38c5b
      size: 2289
    - path: src/pipeline/training_pipeline.py
      hash: md5
      md5: 4566dfde1e396a4ae71883950201615e
      size: 3212
    outs:
    - path: artifacts/model.pkl
      hash: md5
      md5: 9fe61b21fd1bb26451fe39cd90860ddb
      size: 590
    - path: artifacts/preprocessor.pkl
      hash: md5
      md5: 6c58c69b329a2e4a7c99fa760372deb9
      size: 2994
    - path: artifacts/raw.csv
      hash: md5
      md5: 14ddfc56c931255ee10d3859d0ac4fc0
      size: 10462804
    - path: artifacts/test.csv
      hash: md5
      md5: c8e2d5db07581287ac3454a94be9e4cd
      size: 2615491
    - path: artifacts/train.csv
      hash: md5
      md5: b8e0a79b75f8dc6f4d0dd64d1a64ff66
      size: 7847364
